// !$*UTF8*$!
{
	archiveVersion = 1;
	classes = {
	};
	objectVersion = 55;
	objects = {

/* Begin PBXBuildFile section */
		0A0FA6A628BBEA3700C9C269 /* LeftMenuView.swift in Sources */ = {isa = PBXBuildFile; fileRef = 0A0FA6A528BBEA3700C9C269 /* LeftMenuView.swift */; };
		0A2D4B1528B8244000038C7C /* AppDelegate.swift in Sources */ = {isa = PBXBuildFile; fileRef = 0A2D4B1428B8244000038C7C /* AppDelegate.swift */; };
		0A2D4B1728B8244000038C7C /* SceneDelegate.swift in Sources */ = {isa = PBXBuildFile; fileRef = 0A2D4B1628B8244000038C7C /* SceneDelegate.swift */; };
		0A2D4B1928B8244000038C7C /* ViewController.swift in Sources */ = {isa = PBXBuildFile; fileRef = 0A2D4B1828B8244000038C7C /* ViewController.swift */; };
		0A2D4B1E28B8244100038C7C /* Assets.xcassets in Resources */ = {isa = PBXBuildFile; fileRef = 0A2D4B1D28B8244100038C7C /* Assets.xcassets */; };
		0A2D4B2128B8244100038C7C /* LaunchScreen.storyboard in Resources */ = {isa = PBXBuildFile; fileRef = 0A2D4B1F28B8244100038C7C /* LaunchScreen.storyboard */; };
		0A2D4B2A28B8257900038C7C /* SnapKit in Frameworks */ = {isa = PBXBuildFile; productRef = 0A2D4B2928B8257900038C7C /* SnapKit */; };
		0A36232A28B903E900F51955 /* HeaderCollectionReusableView.swift in Sources */ = {isa = PBXBuildFile; fileRef = 0A36232928B903E900F51955 /* HeaderCollectionReusableView.swift */; };
/* End PBXBuildFile section */

/* Begin PBXFileReference section */
		0A0FA6A528BBEA3700C9C269 /* LeftMenuView.swift */ = {isa = PBXFileReference; lastKnownFileType = sourcecode.swift; path = LeftMenuView.swift; sourceTree = "<group>"; };
		0A2D4B1128B8244000038C7C /* uikitTest.app */ = {isa = PBXFileReference; explicitFileType = wrapper.application; includeInIndex = 0; path = uikitTest.app; sourceTree = BUILT_PRODUCTS_DIR; };
		0A2D4B1428B8244000038C7C /* AppDelegate.swift */ = {isa = PBXFileReference; lastKnownFileType = sourcecode.swift; path = AppDelegate.swift; sourceTree = "<group>"; };
		0A2D4B1628B8244000038C7C /* SceneDelegate.swift */ = {isa = PBXFileReference; lastKnownFileType = sourcecode.swift; path = SceneDelegate.swift; sourceTree = "<group>"; };
		0A2D4B1828B8244000038C7C /* ViewController.swift */ = {isa = PBXFileReference; lastKnownFileType = sourcecode.swift; path = ViewController.swift; sourceTree = "<group>"; };
		0A2D4B1D28B8244100038C7C /* Assets.xcassets */ = {isa = PBXFileReference; lastKnownFileType = folder.assetcatalog; path = Assets.xcassets; sourceTree = "<group>"; };
		0A2D4B2028B8244100038C7C /* Base */ = {isa = PBXFileReference; lastKnownFileType = file.storyboard; name = Base; path = Base.lproj/LaunchScreen.storyboard; sourceTree = "<group>"; };
		0A2D4B2228B8244100038C7C /* Info.plist */ = {isa = PBXFileReference; lastKnownFileType = text.plist.xml; path = Info.plist; sourceTree = "<group>"; };
		0A36232928B903E900F51955 /* HeaderCollectionReusableView.swift */ = {isa = PBXFileReference; lastKnownFileType = sourcecode.swift; path = HeaderCollectionReusableView.swift; sourceTree = "<group>"; };
/* End PBXFileReference section */

/* Begin PBXFrameworksBuildPhase section */
		0A2D4B0E28B8244000038C7C /* Frameworks */ = {
			isa = PBXFrameworksBuildPhase;
			buildActionMask = 2147483647;
			files = (
				0A2D4B2A28B8257900038C7C /* SnapKit in Frameworks */,
			);
			runOnlyForDeploymentPostprocessing = 0;
		};
/* End PBXFrameworksBuildPhase section */

/* Begin PBXGroup section */
		0A0FA6A128BBE9BA00C9C269 /* View */ = {
			isa = PBXGroup;
			children = (
				0A2D4B1F28B8244100038C7C /* LaunchScreen.storyboard */,
				0A36232928B903E900F51955 /* HeaderCollectionReusableView.swift */,
				0A0FA6A528BBEA3700C9C269 /* LeftMenuView.swift */,
			);
			path = View;
			sourceTree = "<group>";
		};
		0A0FA6A228BBE9BF00C9C269 /* Model */ = {
			isa = PBXGroup;
			children = (
			);
			path = Model;
			sourceTree = "<group>";
		};
		0A0FA6A328BBE9C300C9C269 /* Controller */ = {
			isa = PBXGroup;
			children = (
				0A2D4B1828B8244000038C7C /* ViewController.swift */,
			);
			path = Controller;
			sourceTree = "<group>";
		};
		0A0FA6A428BBE9D100C9C269 /* Resources */ = {
			isa = PBXGroup;
			children = (
				0A2D4B1428B8244000038C7C /* AppDelegate.swift */,
				0A2D4B1628B8244000038C7C /* SceneDelegate.swift */,
				0A2D4B1D28B8244100038C7C /* Assets.xcassets */,
			);
			path = Resources;
			sourceTree = "<group>";
		};
		0A2D4B0828B8244000038C7C = {
			isa = PBXGroup;
			children = (
				0A2D4B1328B8244000038C7C /* uikitTest */,
				0A2D4B1228B8244000038C7C /* Products */,
			);
			sourceTree = "<group>";
		};
		0A2D4B1228B8244000038C7C /* Products */ = {
			isa = PBXGroup;
			children = (
				0A2D4B1128B8244000038C7C /* uikitTest.app */,
			);
			name = Products;
			sourceTree = "<group>";
		};
		0A2D4B1328B8244000038C7C /* uikitTest */ = {
			isa = PBXGroup;
			children = (
				0A0FA6A428BBE9D100C9C269 /* Resources */,
				0A0FA6A228BBE9BF00C9C269 /* Model */,
				0A0FA6A128BBE9BA00C9C269 /* View */,
				0A0FA6A328BBE9C300C9C269 /* Controller */,
				0A2D4B2228B8244100038C7C /* Info.plist */,
			);
			path = uikitTest;
			sourceTree = "<group>";
		};
/* End PBXGroup section */

/* Begin PBXNativeTarget section */
		0A2D4B1028B8244000038C7C /* uikitTest */ = {
			isa = PBXNativeTarget;
			buildConfigurationList = 0A2D4B2528B8244100038C7C /* Build configuration list for PBXNativeTarget "uikitTest" */;
			buildPhases = (
				0A2D4B0D28B8244000038C7C /* Sources */,
				0A2D4B0E28B8244000038C7C /* Frameworks */,
				0A2D4B0F28B8244000038C7C /* Resources */,
			);
			buildRules = (
			);
			dependencies = (
			);
			name = uikitTest;
			packageProductDependencies = (
				0A2D4B2928B8257900038C7C /* SnapKit */,
			);
			productName = uikitTest;
			productReference = 0A2D4B1128B8244000038C7C /* uikitTest.app */;
			productType = "com.apple.product-type.application";
		};
/* End PBXNativeTarget section */

/* Begin PBXProject section */
		0A2D4B0928B8244000038C7C /* Project object */ = {
			isa = PBXProject;
			attributes = {
				BuildIndependentTargetsInParallel = 1;
				LastSwiftUpdateCheck = 1340;
				LastUpgradeCheck = 1340;
				TargetAttributes = {
					0A2D4B1028B8244000038C7C = {
						CreatedOnToolsVersion = 13.4.1;
					};
				};
			};
			buildConfigurationList = 0A2D4B0C28B8244000038C7C /* Build configuration list for PBXProject "uikitTest" */;
			compatibilityVersion = "Xcode 13.0";
			developmentRegion = en;
			hasScannedForEncodings = 0;
			knownRegions = (
				en,
				Base,
			);
			mainGroup = 0A2D4B0828B8244000038C7C;
			packageReferences = (
				0A2D4B2828B8257900038C7C /* XCRemoteSwiftPackageReference "SnapKit" */,
			);
			productRefGroup = 0A2D4B1228B8244000038C7C /* Products */;
			projectDirPath = "";
			projectRoot = "";
			targets = (
				0A2D4B1028B8244000038C7C /* uikitTest */,
			);
		};
/* End PBXProject section */

/* Begin PBXResourcesBuildPhase section */
		0A2D4B0F28B8244000038C7C /* Resources */ = {
			isa = PBXResourcesBuildPhase;
			buildActionMask = 2147483647;
			files = (
				0A2D4B2128B8244100038C7C /* LaunchScreen.storyboard in Resources */,
				0A2D4B1E28B8244100038C7C /* Assets.xcassets in Resources */,
			);
			runOnlyForDeploymentPostprocessing = 0;
		};
/* End PBXResourcesBuildPhase section */

/* Begin PBXSourcesBuildPhase section */
		0A2D4B0D28B8244000038C7C /* Sources */ = {
			isa = PBXSourcesBuildPhase;
			buildActionMask = 2147483647;
			files = (
				0A36232A28B903E900F51955 /* HeaderCollectionReusableView.swift in Sources */,
				0A2D4B1928B8244000038C7C /* ViewController.swift in Sources */,
				0A2D4B1528B8244000038C7C /* AppDelegate.swift in Sources */,
				0A0FA6A628BBEA3700C9C269 /* LeftMenuView.swift in Sources */,
				0A2D4B1728B8244000038C7C /* SceneDelegate.swift in Sources */,
			);
			runOnlyForDeploymentPostprocessing = 0;
		};
/* End PBXSourcesBuildPhase section */

/* Begin PBXVariantGroup section */
		0A2D4B1F28B8244100038C7C /* LaunchScreen.storyboard */ = {
			isa = PBXVariantGroup;
			children = (
				0A2D4B2028B8244100038C7C /* Base */,
			);
			name = LaunchScreen.storyboard;
			sourceTree = "<group>";
		};
/* End PBXVariantGroup section */

/* Begin XCBuildConfiguration section */
		0A2D4B2328B8244100038C7C /* Debug */ = {
			isa = XCBuildConfiguration;
			buildSettings = {
				ALWAYS_SEARCH_USER_PATHS = NO;
				CLANG_ANALYZER_NONNULL = YES;
				CLANG_ANALYZER_NUMBER_OBJECT_CONVERSION = YES_AGGRESSIVE;
				CLANG_CXX_LANGUAGE_STANDARD = "gnu++17";
				CLANG_ENABLE_MODULES = YES;
				CLANG_ENABLE_OBJC_ARC = YES;
				CLANG_ENABLE_OBJC_WEAK = YES;
				CLANG_WARN_BLOCK_CAPTURE_AUTORELEASING = YES;
				CLANG_WARN_BOOL_CONVERSION = YES;
				CLANG_WARN_COMMA = YES;
				CLANG_WARN_CONSTANT_CONVERSION = YES;
				CLANG_WARN_DEPRECATED_OBJC_IMPLEMENTATIONS = YES;
				CLANG_WARN_DIRECT_OBJC_ISA_USAGE = YES_ERROR;
				CLANG_WARN_DOCUMENTATION_COMMENTS = YES;
				CLANG_WARN_EMPTY_BODY = YES;
				CLANG_WARN_ENUM_CONVERSION = YES;
				CLANG_WARN_INFINITE_RECURSION = YES;
				CLANG_WARN_INT_CONVERSION = YES;
				CLANG_WARN_NON_LITERAL_NULL_CONVERSION = YES;
				CLANG_WARN_OBJC_IMPLICIT_RETAIN_SELF = YES;
				CLANG_WARN_OBJC_LITERAL_CONVERSION = YES;
				CLANG_WARN_OBJC_ROOT_CLASS = YES_ERROR;
				CLANG_WARN_QUOTED_INCLUDE_IN_FRAMEWORK_HEADER = YES;
				CLANG_WARN_RANGE_LOOP_ANALYSIS = YES;
				CLANG_WARN_STRICT_PROTOTYPES = YES;
				CLANG_WARN_SUSPICIOUS_MOVE = YES;
				CLANG_WARN_UNGUARDED_AVAILABILITY = YES_AGGRESSIVE;
				CLANG_WARN_UNREACHABLE_CODE = YES;
				CLANG_WARN__DUPLICATE_METHOD_MATCH = YES;
				COPY_PHASE_STRIP = NO;
				DEBUG_INFORMATION_FORMAT = dwarf;
				ENABLE_STRICT_OBJC_MSGSEND = YES;
				ENABLE_TESTABILITY = YES;
				GCC_C_LANGUAGE_STANDARD = gnu11;
				GCC_DYNAMIC_NO_PIC = NO;
				GCC_NO_COMMON_BLOCKS = YES;
				GCC_OPTIMIZATION_LEVEL = 0;
				GCC_PREPROCESSOR_DEFINITIONS = (
					"DEBUG=1",
					"$(inherited)",
				);
				GCC_WARN_64_TO_32_BIT_CONVERSION = YES;
				GCC_WARN_ABOUT_RETURN_TYPE = YES_ERROR;
				GCC_WARN_UNDECLARED_SELECTOR = YES;
				GCC_WARN_UNINITIALIZED_AUTOS = YES_AGGRESSIVE;
				GCC_WARN_UNUSED_FUNCTION = YES;
				GCC_WARN_UNUSED_VARIABLE = YES;
				IPHONEOS_DEPLOYMENT_TARGET = 15.5;
				MTL_ENABLE_DEBUG_INFO = INCLUDE_SOURCE;
				MTL_FAST_MATH = YES;
				ONLY_ACTIVE_ARCH = YES;
				SDKROOT = iphoneos;
				SWIFT_ACTIVE_COMPILATION_CONDITIONS = DEBUG;
				SWIFT_OPTIMIZATION_LEVEL = "-Onone";
			};
			name = Debug;
		};
		0A2D4B2428B8244100038C7C /* Release */ = {
			isa = XCBuildConfiguration;
			buildSettings = {
				ALWAYS_SEARCH_USER_PATHS = NO;
				CLANG_ANALYZER_NONNULL = YES;
				CLANG_ANALYZER_NUMBER_OBJECT_CONVERSION = YES_AGGRESSIVE;
				CLANG_CXX_LANGUAGE_STANDARD = "gnu++17";
				CLANG_ENABLE_MODULES = YES;
				CLANG_ENABLE_OBJC_ARC = YES;
				CLANG_ENABLE_OBJC_WEAK = YES;
				CLANG_WARN_BLOCK_CAPTURE_AUTORELEASING = YES;
				CLANG_WARN_BOOL_CONVERSION = YES;
				CLANG_WARN_COMMA = YES;
				CLANG_WARN_CONSTANT_CONVERSION = YES;
				CLANG_WARN_DEPRECATED_OBJC_IMPLEMENTATIONS = YES;
				CLANG_WARN_DIRECT_OBJC_ISA_USAGE = YES_ERROR;
				CLANG_WARN_DOCUMENTATION_COMMENTS = YES;
				CLANG_WARN_EMPTY_BODY = YES;
				CLANG_WARN_ENUM_CONVERSION = YES;
				CLANG_WARN_INFINITE_RECURSION = YES;
				CLANG_WARN_INT_CONVERSION = YES;
				CLANG_WARN_NON_LITERAL_NULL_CONVERSION = YES;
				CLANG_WARN_OBJC_IMPLICIT_RETAIN_SELF = YES;
				CLANG_WARN_OBJC_LITERAL_CONVERSION = YES;
				CLANG_WARN_OBJC_ROOT_CLASS = YES_ERROR;
				CLANG_WARN_QUOTED_INCLUDE_IN_FRAMEWORK_HEADER = YES;
				CLANG_WARN_RANGE_LOOP_ANALYSIS = YES;
				CLANG_WARN_STRICT_PROTOTYPES = YES;
				CLANG_WARN_SUSPICIOUS_MOVE = YES;
				CLANG_WARN_UNGUARDED_AVAILABILITY = YES_AGGRESSIVE;
				CLANG_WARN_UNREACHABLE_CODE = YES;
				CLANG_WARN__DUPLICATE_METHOD_MATCH = YES;
				COPY_PHASE_STRIP = NO;
				DEBUG_INFORMATION_FORMAT = "dwarf-with-dsym";
				ENABLE_NS_ASSERTIONS = NO;
				ENABLE_STRICT_OBJC_MSGSEND = YES;
				GCC_C_LANGUAGE_STANDARD = gnu11;
				GCC_NO_COMMON_BLOCKS = YES;
				GCC_WARN_64_TO_32_BIT_CONVERSION = YES;
				GCC_WARN_ABOUT_RETURN_TYPE = YES_ERROR;
				GCC_WARN_UNDECLARED_SELECTOR = YES;
				GCC_WARN_UNINITIALIZED_AUTOS = YES_AGGRESSIVE;
				GCC_WARN_UNUSED_FUNCTION = YES;
				GCC_WARN_UNUSED_VARIABLE = YES;
				IPHONEOS_DEPLOYMENT_TARGET = 15.5;
				MTL_ENABLE_DEBUG_INFO = NO;
				MTL_FAST_MATH = YES;
				SDKROOT = iphoneos;
				SWIFT_COMPILATION_MODE = wholemodule;
				SWIFT_OPTIMIZATION_LEVEL = "-O";
				VALIDATE_PRODUCT = YES;
			};
			name = Release;
		};
		0A2D4B2628B8244100038C7C /* Debug */ = {
			isa = XCBuildConfiguration;
			buildSettings = {
				ASSETCATALOG_COMPILER_APPICON_NAME = AppIcon;
				ASSETCATALOG_COMPILER_GLOBAL_ACCENT_COLOR_NAME = AccentColor;
				CODE_SIGN_STYLE = Automatic;
				CURRENT_PROJECT_VERSION = 1;
				DEVELOPMENT_TEAM = HJ3CX8Z5MV;
				GENERATE_INFOPLIST_FILE = YES;
				INFOPLIST_FILE = uikitTest/Info.plist;
				INFOPLIST_KEY_UIApplicationSupportsIndirectInputEvents = YES;
				INFOPLIST_KEY_UILaunchStoryboardName = LaunchScreen;
				INFOPLIST_KEY_UISupportedInterfaceOrientations_iPad = "UIInterfaceOrientationPortrait UIInterfaceOrientationPortraitUpsideDown UIInterfaceOrientationLandscapeLeft UIInterfaceOrientationLandscapeRight";
				INFOPLIST_KEY_UISupportedInterfaceOrientations_iPhone = "UIInterfaceOrientationPortrait UIInterfaceOrientationLandscapeLeft UIInterfaceOrientationLandscapeRight";
				LD_RUNPATH_SEARCH_PATHS = (
					"$(inherited)",
					"@executable_path/Frameworks",
				);
				MARKETING_VERSION = 1.0;
				PRODUCT_BUNDLE_IDENTIFIER = com.boraerdem.uikitTest;
				PRODUCT_NAME = "$(TARGET_NAME)";
				SWIFT_EMIT_LOC_STRINGS = YES;
				SWIFT_VERSION = 5.0;
				TARGETED_DEVICE_FAMILY = "1,2";
			};
			name = Debug;
		};
		0A2D4B2728B8244100038C7C /* Release */ = {
			isa = XCBuildConfiguration;
			buildSettings = {
				ASSETCATALOG_COMPILER_APPICON_NAME = AppIcon;
				ASSETCATALOG_COMPILER_GLOBAL_ACCENT_COLOR_NAME = AccentColor;
				CODE_SIGN_STYLE = Automatic;
				CURRENT_PROJECT_VERSION = 1;
				DEVELOPMENT_TEAM = HJ3CX8Z5MV;
				GENERATE_INFOPLIST_FILE = YES;
				INFOPLIST_FILE = uikitTest/Info.plist;
				INFOPLIST_KEY_UIApplicationSupportsIndirectInputEvents = YES;
				INFOPLIST_KEY_UILaunchStoryboardName = LaunchScreen;
				INFOPLIST_KEY_UISupportedInterfaceOrientations_iPad = "UIInterfaceOrientationPortrait UIInterfaceOrientationPortraitUpsideDown UIInterfaceOrientationLandscapeLeft UIInterfaceOrientationLandscapeRight";
				INFOPLIST_KEY_UISupportedInterfaceOrientations_iPhone = "UIInterfaceOrientationPortrait UIInterfaceOrientationLandscapeLeft UIInterfaceOrientationLandscapeRight";
				LD_RUNPATH_SEARCH_PATHS = (
					"$(inherited)",
					"@executable_path/Frameworks",
				);
				MARKETING_VERSION = 1.0;
				PRODUCT_BUNDLE_IDENTIFIER = com.boraerdem.uikitTest;
				PRODUCT_NAME = "$(TARGET_NAME)";
				SWIFT_EMIT_LOC_STRINGS = YES;
				SWIFT_VERSION = 5.0;
				TARGETED_DEVICE_FAMILY = "1,2";
			};
			name = Release;
		};
/* End XCBuildConfiguration section */

/* Begin XCConfigurationList section */
		0A2D4B0C28B8244000038C7C /* Build configuration list for PBXProject "uikitTest" */ = {
			isa = XCConfigurationList;
			buildConfigurations = (
				0A2D4B2328B8244100038C7C /* Debug */,
				0A2D4B2428B8244100038C7C /* Release */,
			);
			defaultConfigurationIsVisible = 0;
			defaultConfigurationName = Release;
		};
		0A2D4B2528B8244100038C7C /* Build configuration list for PBXNativeTarget "uikitTest" */ = {
			isa = XCConfigurationList;
			buildConfigurations = (
				0A2D4B2628B8244100038C7C /* Debug */,
				0A2D4B2728B8244100038C7C /* Release */,
			);
			defaultConfigurationIsVisible = 0;
			defaultConfigurationName = Release;
		};
/* End XCConfigurationList section */

/* Begin XCRemoteSwiftPackageReference section */
		0A2D4B2828B8257900038C7C /* XCRemoteSwiftPackageReference "SnapKit" */ = {
			isa = XCRemoteSwiftPackageReference;
			repositoryURL = "https://github.com/SnapKit/SnapKit.git";
			requirement = {
				branch = develop;
				kind = branch;
			};
		};
/* End XCRemoteSwiftPackageReference section */

/* Begin XCSwiftPackageProductDependency section */
		0A2D4B2928B8257900038C7C /* SnapKit */ = {
			isa = XCSwiftPackageProductDependency;
			package = 0A2D4B2828B8257900038C7C /* XCRemoteSwiftPackageReference "SnapKit" */;
			productName = SnapKit;
		};
/* End XCSwiftPackageProductDependency section */
	};
	rootObject = 0A2D4B0928B8244000038C7C /* Project object */;
}
